
Microsoft Visual Studio Solution File, Format Version 12.00
# Visual Studio Version 16
VisualStudioVersion = 16.0.30204.135
MinimumVisualStudioVersion = 10.0.40219.1
Project("{9A19103F-16F7-4668-BE54-9A1E7A4F7556}") = "MelccCommunPrototype", "src\MelccCommunPrototype\MelccCommunPrototype.csproj", "{4670DCF0-E153-48C5-B0BC-30AFBEE15134}"
EndProject
Project("{FAE04EC0-301F-11D3-BF4B-00C04F79EFBC}") = "MelccCommun.Authentification", "MelccCommun.Authentification\MelccCommun.Authentification.csproj", "{C1E1F891-05F8-4737-BAF1-7BC5139D1D0C}"
EndProject
Global
	GlobalSection(SolutionConfigurationPlatforms) = preSolution
		Debug|Any CPU = Debug|Any CPU
		Release|Any CPU = Release|Any CPU
	EndGlobalSection
	GlobalSection(ProjectConfigurationPlatforms) = postSolution
		{4670DCF0-E153-48C5-B0BC-30AFBEE15134}.Debug|Any CPU.ActiveCfg = Debug|Any CPU
		{4670DCF0-E153-48C5-B0BC-30AFBEE15134}.Debug|Any CPU.Build.0 = Debug|Any CPU
		{4670DCF0-E153-48C5-B0BC-30AFBEE15134}.Release|Any CPU.ActiveCfg = Release|Any CPU
		{4670DCF0-E153-48C5-B0BC-30AFBEE15134}.Release|Any CPU.Build.0 = Release|Any CPU
		{C1E1F891-05F8-4737-BAF1-7BC5139D1D0C}.Debug|Any CPU.ActiveCfg = Debug|Any CPU
		{C1E1F891-05F8-4737-BAF1-7BC5139D1D0C}.Debug|Any CPU.Build.0 = Debug|Any CPU
		{C1E1F891-05F8-4737-BAF1-7BC5139D1D0C}.Release|Any CPU.ActiveCfg = Release|Any CPU
		{C1E1F891-05F8-4737-BAF1-7BC5139D1D0C}.Release|Any CPU.Build.0 = Release|Any CPU
	EndGlobalSection
	GlobalSection(SolutionProperties) = preSolution
		HideSolutionNode = FALSE
	EndGlobalSection
	GlobalSection(ExtensibilityGlobals) = postSolution
		SolutionGuid = {05A5ABF1-1FA4-4DFD-AAD5-5C2BDF03B51A}
	EndGlobalSection
EndGlobal
